
Microsoft Visual Studio Solution File, Format Version 12.00
# Visual Studio 15
VisualStudioVersion = 15.0.28307.539
MinimumVisualStudioVersion = 10.0.40219.1
Project("{FAE04EC0-301F-11D3-BF4B-00C04F79EFBC}") = "IntroApp", "IntroApp\IntroApp.csproj", "{A23FBEE0-35D1-4E7F-A1EB-B31AE99F0D27}"
EndProject
Global
	GlobalSection(SolutionConfigurationPlatforms) = preSolution
		Debug|Any CPU = Debug|Any CPU
		Release|Any CPU = Release|Any CPU
	EndGlobalSection
	GlobalSection(ProjectConfigurationPlatforms) = postSolution
		{A23FBEE0-35D1-4E7F-A1EB-B31AE99F0D27}.Debug|Any CPU.ActiveCfg = Debug|Any CPU
		{A23FBEE0-35D1-4E7F-A1EB-B31AE99F0D27}.Debug|Any CPU.Build.0 = Debug|Any CPU
		{A23FBEE0-35D1-4E7F-A1EB-B31AE99F0D27}.Release|Any CPU.ActiveCfg = Release|Any CPU
		{A23FBEE0-35D1-4E7F-A1EB-B31AE99F0D27}.Release|Any CPU.Build.0 = Release|Any CPU
	EndGlobalSection
	GlobalSection(SolutionProperties) = preSolution
		HideSolutionNode = FALSE
	EndGlobalSection
	GlobalSection(ExtensibilityGlobals) = postSolution
		SolutionGuid = {68A07C5C-2CFD-42C4-8138-57AE907C4DFF}
	EndGlobalSection
EndGlobal
